
Microsoft Visual Studio Solution File, Format Version 12.00
# Visual Studio Version 16
VisualStudioVersion = 16.0.29905.134
MinimumVisualStudioVersion = 10.0.40219.1
Project("{FAE04EC0-301F-11D3-BF4B-00C04F79EFBC}") = "CustomList", "CustomList\CustomList.csproj", "{7C2D7DB8-C233-4AF0-B15A-2611BC7B86F5}"
EndProject
Global
	GlobalSection(SolutionConfigurationPlatforms) = preSolution
		Debug|Any CPU = Debug|Any CPU
		Release|Any CPU = Release|Any CPU
	EndGlobalSection
	GlobalSection(ProjectConfigurationPlatforms) = postSolution
		{7C2D7DB8-C233-4AF0-B15A-2611BC7B86F5}.Debug|Any CPU.ActiveCfg = Debug|Any CPU
		{7C2D7DB8-C233-4AF0-B15A-2611BC7B86F5}.Debug|Any CPU.Build.0 = Debug|Any CPU
		{7C2D7DB8-C233-4AF0-B15A-2611BC7B86F5}.Release|Any CPU.ActiveCfg = Release|Any CPU
		{7C2D7DB8-C233-4AF0-B15A-2611BC7B86F5}.Release|Any CPU.Build.0 = Release|Any CPU
	EndGlobalSection
	GlobalSection(SolutionProperties) = preSolution
		HideSolutionNode = FALSE
	EndGlobalSection
	GlobalSection(ExtensibilityGlobals) = postSolution
		SolutionGuid = {219E21DF-B7A6-4B19-A3B0-D2A6130659FE}
	EndGlobalSection
EndGlobal
